
Microsoft Visual Studio Solution File, Format Version 12.00
# Visual Studio 15
VisualStudioVersion = 15.0.28010.2016
MinimumVisualStudioVersion = 10.0.40219.1
Project("{CC5FD16D-436D-48AD-A40C-5A424C6E3E79}") = "POLiftCloudService", "POLiftCloudService\POLiftCloudService.ccproj", "{6AB9F69F-E82D-41A8-8544-651DF5928646}"
EndProject
Project("{FAE04EC0-301F-11D3-BF4B-00C04F79EFBC}") = "POLiftWcfWebRole", "POLiftWcfWebRole\POLiftWcfWebRole.csproj", "{2D290C74-AA4D-4F9C-9979-7D53149AA72F}"
EndProject
Project("{FAE04EC0-301F-11D3-BF4B-00C04F79EFBC}") = "POLiftWcfWebRoleTest", "POLiftWcfWebRoleTest\POLiftWcfWebRoleTest.csproj", "{6426AFC0-AA13-441C-8F49-982BC68D10D1}"
EndProject
Global
	GlobalSection(SolutionConfigurationPlatforms) = preSolution
		Debug|Any CPU = Debug|Any CPU
		Release|Any CPU = Release|Any CPU
	EndGlobalSection
	GlobalSection(ProjectConfigurationPlatforms) = postSolution
		{6AB9F69F-E82D-41A8-8544-651DF5928646}.Debug|Any CPU.ActiveCfg = Debug|Any CPU
		{6AB9F69F-E82D-41A8-8544-651DF5928646}.Debug|Any CPU.Build.0 = Debug|Any CPU
		{6AB9F69F-E82D-41A8-8544-651DF5928646}.Release|Any CPU.ActiveCfg = Release|Any CPU
		{6AB9F69F-E82D-41A8-8544-651DF5928646}.Release|Any CPU.Build.0 = Release|Any CPU
		{2D290C74-AA4D-4F9C-9979-7D53149AA72F}.Debug|Any CPU.ActiveCfg = Debug|Any CPU
		{2D290C74-AA4D-4F9C-9979-7D53149AA72F}.Debug|Any CPU.Build.0 = Debug|Any CPU
		{2D290C74-AA4D-4F9C-9979-7D53149AA72F}.Release|Any CPU.ActiveCfg = Release|Any CPU
		{2D290C74-AA4D-4F9C-9979-7D53149AA72F}.Release|Any CPU.Build.0 = Release|Any CPU
		{6426AFC0-AA13-441C-8F49-982BC68D10D1}.Debug|Any CPU.ActiveCfg = Debug|Any CPU
		{6426AFC0-AA13-441C-8F49-982BC68D10D1}.Debug|Any CPU.Build.0 = Debug|Any CPU
		{6426AFC0-AA13-441C-8F49-982BC68D10D1}.Release|Any CPU.ActiveCfg = Release|Any CPU
		{6426AFC0-AA13-441C-8F49-982BC68D10D1}.Release|Any CPU.Build.0 = Release|Any CPU
	EndGlobalSection
	GlobalSection(SolutionProperties) = preSolution
		HideSolutionNode = FALSE
	EndGlobalSection
	GlobalSection(ExtensibilityGlobals) = postSolution
		SolutionGuid = {72D8F5DD-AE2E-40D8-BC36-3505348719E6}
	EndGlobalSection
EndGlobal
